// !$*UTF8*$!
{
	archiveVersion = 1;
	classes = {
	};
	objectVersion = 46;
	objects = {

/* Begin PBXBuildFile section */
		58EF862D1A2A064A00743A99 /* main.m in Sources */ = {isa = PBXBuildFile; fileRef = 58EF862C1A2A064A00743A99 /* main.m */; };
		58EF86301A2A064A00743A99 /* AppDelegate.m in Sources */ = {isa = PBXBuildFile; fileRef = 58EF862F1A2A064A00743A99 /* AppDelegate.m */; };
		58EF86331A2A064A00743A99 /* ViewController.m in Sources */ = {isa = PBXBuildFile; fileRef = 58EF86321A2A064A00743A99 /* ViewController.m */; };
		58EF86361A2A064A00743A99 /* Main.storyboard in Resources */ = {isa = PBXBuildFile; fileRef = 58EF86341A2A064A00743A99 /* Main.storyboard */; };
		58EF86381A2A064A00743A99 /* Images.xcassets in Resources */ = {isa = PBXBuildFile; fileRef = 58EF86371A2A064A00743A99 /* Images.xcassets */; };
		58EF863B1A2A064A00743A99 /* LaunchScreen.xib in Resources */ = {isa = PBXBuildFile; fileRef = 58EF86391A2A064A00743A99 /* LaunchScreen.xib */; };
		58EF86471A2A064A00743A99 /* iOSTutorialTests.m in Sources */ = {isa = PBXBuildFile; fileRef = 58EF86461A2A064A00743A99 /* iOSTutorialTests.m */; };
/* End PBXBuildFile section */

/* Begin PBXContainerItemProxy section */
		58EF86411A2A064A00743A99 /* PBXContainerItemProxy */ = {
			isa = PBXContainerItemProxy;
			containerPortal = 58EF861F1A2A064A00743A99 /* Project object */;
			proxyType = 1;
			remoteGlobalIDString = 58EF86261A2A064A00743A99;
			remoteInfo = iOSTutorial;
		};
/* End PBXContainerItemProxy section */

/* Begin PBXFileReference section */
		58EF86271A2A064A00743A99 /* iOSTutorial.app */ = {isa = PBXFileReference; explicitFileType = wrapper.application; includeInIndex = 0; path = iOSTutorial.app; sourceTree = BUILT_PRODUCTS_DIR; };
		58EF862B1A2A064A00743A99 /* Info.plist */ = {isa = PBXFileReference; lastKnownFileType = text.plist.xml; path = Info.plist; sourceTree = "<group>"; };
		58EF862C1A2A064A00743A99 /* main.m */ = {isa = PBXFileReference; lastKnownFileType = sourcecode.c.objc; path = main.m; sourceTree = "<group>"; };
		58EF862E1A2A064A00743A99 /* AppDelegate.h */ = {isa = PBXFileReference; lastKnownFileType = sourcecode.c.h; path = AppDelegate.h; sourceTree = "<group>"; };
		58EF862F1A2A064A00743A99 /* AppDelegate.m */ = {isa = PBXFileReference; lastKnownFileType = sourcecode.c.objc; path = AppDelegate.m; sourceTree = "<group>"; };
		58EF86311A2A064A00743A99 /* ViewController.h */ = {isa = PBXFileReference; lastKnownFileType = sourcecode.c.h; path = ViewController.h; sourceTree = "<group>"; };
		58EF86321A2A064A00743A99 /* ViewController.m */ = {isa = PBXFileReference; lastKnownFileType = sourcecode.c.objc; path = ViewController.m; sourceTree = "<group>"; };
		58EF86351A2A064A00743A99 /* Base */ = {isa = PBXFileReference; lastKnownFileType = file.storyboard; name = Base; path = Base.lproj/Main.storyboard; sourceTree = "<group>"; };
		58EF86371A2A064A00743A99 /* Images.xcassets */ = {isa = PBXFileReference; lastKnownFileType = folder.assetcatalog; path = Images.xcassets; sourceTree = "<group>"; };
		58EF863A1A2A064A00743A99 /* Base */ = {isa = PBXFileReference; lastKnownFileType = file.xib; name = Base; path = Base.lproj/LaunchScreen.xib; sourceTree = "<group>"; };
		58EF86401A2A064A00743A99 /* iOSTutorialTests.xctest */ = {isa = PBXFileReference; explicitFileType = wrapper.cfbundle; includeInIndex = 0; path = iOSTutorialTests.xctest; sourceTree = BUILT_PRODUCTS_DIR; };
		58EF86451A2A064A00743A99 /* Info.plist */ = {isa = PBXFileReference; lastKnownFileType = text.plist.xml; path = Info.plist; sourceTree = "<group>"; };
		58EF86461A2A064A00743A99 /* iOSTutorialTests.m */ = {isa = PBXFileReference; lastKnownFileType = sourcecode.c.objc; path = iOSTutorialTests.m; sourceTree = "<group>"; };
/* End PBXFileReference section */

/* Begin PBXFrameworksBuildPhase section */
		58EF86241A2A064A00743A99 /* Frameworks */ = {
			isa = PBXFrameworksBuildPhase;
			buildActionMask = 2147483647;
			files = (
			);
			runOnlyForDeploymentPostprocessing = 0;
		};
		58EF863D1A2A064A00743A99 /* Frameworks */ = {
			isa = PBXFrameworksBuildPhase;
			buildActionMask = 2147483647;
			files = (
			);
			runOnlyForDeploymentPostprocessing = 0;
		};
/* End PBXFrameworksBuildPhase section */

/* Begin PBXGroup section */
		58EF861E1A2A064A00743A99 = {
			isa = PBXGroup;
			children = (
				58EF86291A2A064A00743A99 /* iOSTutorial */,
				58EF86431A2A064A00743A99 /* iOSTutorialTests */,
				58EF86281A2A064A00743A99 /* Products */,
			);
			sourceTree = "<group>";
		};
		58EF86281A2A064A00743A99 /* Products */ = {
			isa = PBXGroup;
			children = (
				58EF86271A2A064A00743A99 /* iOSTutorial.app */,
				58EF86401A2A064A00743A99 /* iOSTutorialTests.xctest */,
			);
			name = Products;
			sourceTree = "<group>";
		};
		58EF86291A2A064A00743A99 /* iOSTutorial */ = {
			isa = PBXGroup;
			children = (
				58EF862E1A2A064A00743A99 /* AppDelegate.h */,
				58EF862F1A2A064A00743A99 /* AppDelegate.m */,
				58EF86311A2A064A00743A99 /* ViewController.h */,
				58EF86321A2A064A00743A99 /* ViewController.m */,
				58EF86341A2A064A00743A99 /* Main.storyboard */,
				58EF86371A2A064A00743A99 /* Images.xcassets */,
				58EF86391A2A064A00743A99 /* LaunchScreen.xib */,
				58EF862A1A2A064A00743A99 /* Supporting Files */,
			);
			path = iOSTutorial;
			sourceTree = "<group>";
		};
		58EF862A1A2A064A00743A99 /* Supporting Files */ = {
			isa = PBXGroup;
			children = (
				58EF862B1A2A064A00743A99 /* Info.plist */,
				58EF862C1A2A064A00743A99 /* main.m */,
			);
			name = "Supporting Files";
			sourceTree = "<group>";
		};
		58EF86431A2A064A00743A99 /* iOSTutorialTests */ = {
			isa = PBXGroup;
			children = (
				58EF86461A2A064A00743A99 /* iOSTutorialTests.m */,
				58EF86441A2A064A00743A99 /* Supporting Files */,
			);
			path = iOSTutorialTests;
			sourceTree = "<group>";
		};
		58EF86441A2A064A00743A99 /* Supporting Files */ = {
			isa = PBXGroup;
			children = (
				58EF86451A2A064A00743A99 /* Info.plist */,
			);
			name = "Supporting Files";
			sourceTree = "<group>";
		};
/* End PBXGroup section */

/* Begin PBXNativeTarget section */
		58EF86261A2A064A00743A99 /* iOSTutorial */ = {
			isa = PBXNativeTarget;
			buildConfigurationList = 58EF864A1A2A064A00743A99 /* Build configuration list for PBXNativeTarget "iOSTutorial" */;
			buildPhases = (
				58EF86231A2A064A00743A99 /* Sources */,
				58EF86241A2A064A00743A99 /* Frameworks */,
				58EF86251A2A064A00743A99 /* Resources */,
			);
			buildRules = (
			);
			dependencies = (
			);
			name = iOSTutorial;
			productName = iOSTutorial;
			productReference = 58EF86271A2A064A00743A99 /* iOSTutorial.app */;
			productType = "com.apple.product-type.application";
		};
		58EF863F1A2A064A00743A99 /* iOSTutorialTests */ = {
			isa = PBXNativeTarget;
			buildConfigurationList = 58EF864D1A2A064A00743A99 /* Build configuration list for PBXNativeTarget "iOSTutorialTests" */;
			buildPhases = (
				58EF863C1A2A064A00743A99 /* Sources */,
				58EF863D1A2A064A00743A99 /* Frameworks */,
				58EF863E1A2A064A00743A99 /* Resources */,
			);
			buildRules = (
			);
			dependencies = (
				58EF86421A2A064A00743A99 /* PBXTargetDependency */,
			);
			name = iOSTutorialTests;
			productName = iOSTutorialTests;
			productReference = 58EF86401A2A064A00743A99 /* iOSTutorialTests.xctest */;
			productType = "com.apple.product-type.bundle.unit-test";
		};
/* End PBXNativeTarget section */

/* Begin PBXProject section */
		58EF861F1A2A064A00743A99 /* Project object */ = {
			isa = PBXProject;
			attributes = {
				LastUpgradeCheck = 0610;
				ORGANIZATIONNAME = Concepti;
				TargetAttributes = {
					58EF86261A2A064A00743A99 = {
						CreatedOnToolsVersion = 6.1;
					};
					58EF863F1A2A064A00743A99 = {
						CreatedOnToolsVersion = 6.1;
						TestTargetID = 58EF86261A2A064A00743A99;
					};
				};
			};
			buildConfigurationList = 58EF86221A2A064A00743A99 /* Build configuration list for PBXProject "iOSTutorial" */;
			compatibilityVersion = "Xcode 3.2";
			developmentRegion = English;
			hasScannedForEncodings = 0;
			knownRegions = (
				en,
				Base,
			);
			mainGroup = 58EF861E1A2A064A00743A99;
			productRefGroup = 58EF86281A2A064A00743A99 /* Products */;
			projectDirPath = "";
			projectRoot = "";
			targets = (
				58EF86261A2A064A00743A99 /* iOSTutorial */,
				58EF863F1A2A064A00743A99 /* iOSTutorialTests */,
			);
		};
/* End PBXProject section */

/* Begin PBXResourcesBuildPhase section */
		58EF86251A2A064A00743A99 /* Resources */ = {
			isa = PBXResourcesBuildPhase;
			buildActionMask = 2147483647;
			files = (
				58EF86361A2A064A00743A99 /* Main.storyboard in Resources */,
				58EF863B1A2A064A00743A99 /* LaunchScreen.xib in Resources */,
				58EF86381A2A064A00743A99 /* Images.xcassets in Resources */,
			);
			runOnlyForDeploymentPostprocessing = 0;
		};
		58EF863E1A2A064A00743A99 /* Resources */ = {
			isa = PBXResourcesBuildPhase;
			buildActionMask = 2147483647;
			files = (
			);
			runOnlyForDeploymentPostprocessing = 0;
		};
/* End PBXResourcesBuildPhase section */

/* Begin PBXSourcesBuildPhase section */
		58EF86231A2A064A00743A99 /* Sources */ = {
			isa = PBXSourcesBuildPhase;
			buildActionMask = 2147483647;
			files = (
				58EF86331A2A064A00743A99 /* ViewController.m in Sources */,
				58EF86301A2A064A00743A99 /* AppDelegate.m in Sources */,
				58EF862D1A2A064A00743A99 /* main.m in Sources */,
			);
			runOnlyForDeploymentPostprocessing = 0;
		};
		58EF863C1A2A064A00743A99 /* Sources */ = {
			isa = PBXSourcesBuildPhase;
			buildActionMask = 2147483647;
			files = (
				58EF86471A2A064A00743A99 /* iOSTutorialTests.m in Sources */,
			);
			runOnlyForDeploymentPostprocessing = 0;
		};
/* End PBXSourcesBuildPhase section */

/* Begin PBXTargetDependency section */
		58EF86421A2A064A00743A99 /* PBXTargetDependency */ = {
			isa = PBXTargetDependency;
			target = 58EF86261A2A064A00743A99 /* iOSTutorial */;
			targetProxy = 58EF86411A2A064A00743A99 /* PBXContainerItemProxy */;
		};
/* End PBXTargetDependency section */

/* Begin PBXVariantGroup section */
		58EF86341A2A064A00743A99 /* Main.storyboard */ = {
			isa = PBXVariantGroup;
			children = (
				58EF86351A2A064A00743A99 /* Base */,
			);
			name = Main.storyboard;
			sourceTree = "<group>";
		};
		58EF86391A2A064A00743A99 /* LaunchScreen.xib */ = {
			isa = PBXVariantGroup;
			children = (
				58EF863A1A2A064A00743A99 /* Base */,
			);
			name = LaunchScreen.xib;
			sourceTree = "<group>";
		};
/* End PBXVariantGroup section */

/* Begin XCBuildConfiguration section */
		58EF86481A2A064A00743A99 /* Debug */ = {
			isa = XCBuildConfiguration;
			buildSettings = {
				ALWAYS_SEARCH_USER_PATHS = NO;
				CLANG_CXX_LANGUAGE_STANDARD = "gnu++0x";
				CLANG_CXX_LIBRARY = "libc++";
				CLANG_ENABLE_MODULES = YES;
				CLANG_ENABLE_OBJC_ARC = YES;
				CLANG_WARN_BOOL_CONVERSION = YES;
				CLANG_WARN_CONSTANT_CONVERSION = YES;
				CLANG_WARN_DIRECT_OBJC_ISA_USAGE = YES_ERROR;
				CLANG_WARN_EMPTY_BODY = YES;
				CLANG_WARN_ENUM_CONVERSION = YES;
				CLANG_WARN_INT_CONVERSION = YES;
				CLANG_WARN_OBJC_ROOT_CLASS = YES_ERROR;
				CLANG_WARN_UNREACHABLE_CODE = YES;
				CLANG_WARN__DUPLICATE_METHOD_MATCH = YES;
				"CODE_SIGN_IDENTITY[sdk=iphoneos*]" = "iPhone Developer";
				COPY_PHASE_STRIP = NO;
				ENABLE_STRICT_OBJC_MSGSEND = YES;
				GCC_C_LANGUAGE_STANDARD = gnu99;
				GCC_DYNAMIC_NO_PIC = NO;
				GCC_OPTIMIZATION_LEVEL = 0;
				GCC_PREPROCESSOR_DEFINITIONS = (
					"DEBUG=1",
					"$(inherited)",
				);
				GCC_SYMBOLS_PRIVATE_EXTERN = NO;
				GCC_WARN_64_TO_32_BIT_CONVERSION = YES;
				GCC_WARN_ABOUT_RETURN_TYPE = YES_ERROR;
				GCC_WARN_UNDECLARED_SELECTOR = YES;
				GCC_WARN_UNINITIALIZED_AUTOS = YES_AGGRESSIVE;
				GCC_WARN_UNUSED_FUNCTION = YES;
				GCC_WARN_UNUSED_VARIABLE = YES;
				IPHONEOS_DEPLOYMENT_TARGET = 8.1;
				MTL_ENABLE_DEBUG_INFO = YES;
				ONLY_ACTIVE_ARCH = YES;
				SDKROOT = iphoneos;
			};
			name = Debug;
		};
		58EF86491A2A064A00743A99 /* Release */ = {
			isa = XCBuildConfiguration;
			buildSettings = {
				ALWAYS_SEARCH_USER_PATHS = NO;
				CLANG_CXX_LANGUAGE_STANDARD = "gnu++0x";
				CLANG_CXX_LIBRARY = "libc++";
				CLANG_ENABLE_MODULES = YES;
				CLANG_ENABLE_OBJC_ARC = YES;
				CLANG_WARN_BOOL_CONVERSION = YES;
				CLANG_WARN_CONSTANT_CONVERSION = YES;
				CLANG_WARN_DIRECT_OBJC_ISA_USAGE = YES_ERROR;
				CLANG_WARN_EMPTY_BODY = YES;
				CLANG_WARN_ENUM_CONVERSION = YES;
				CLANG_WARN_INT_CONVERSION = YES;
				CLANG_WARN_OBJC_ROOT_CLASS = YES_ERROR;
				CLANG_WARN_UNREACHABLE_CODE = YES;
				CLANG_WARN__DUPLICATE_METHOD_MATCH = YES;
				"CODE_SIGN_IDENTITY[sdk=iphoneos*]" = "iPhone Developer";
				COPY_PHASE_STRIP = YES;
				ENABLE_NS_ASSERTIONS = NO;
				ENABLE_STRICT_OBJC_MSGSEND = YES;
				GCC_C_LANGUAGE_STANDARD = gnu99;
				GCC_WARN_64_TO_32_BIT_CONVERSION = YES;
				GCC_WARN_ABOUT_RETURN_TYPE = YES_ERROR;
				GCC_WARN_UNDECLARED_SELECTOR = YES;
				GCC_WARN_UNINITIALIZED_AUTOS = YES_AGGRESSIVE;
				GCC_WARN_UNUSED_FUNCTION = YES;
				GCC_WARN_UNUSED_VARIABLE = YES;
				IPHONEOS_DEPLOYMENT_TARGET = 8.1;
				MTL_ENABLE_DEBUG_INFO = NO;
				SDKROOT = iphoneos;
				VALIDATE_PRODUCT = YES;
			};
			name = Release;
		};
		58EF864B1A2A064A00743A99 /* Debug */ = {
			isa = XCBuildConfiguration;
			buildSettings = {
				ASSETCATALOG_COMPILER_APPICON_NAME = AppIcon;
				INFOPLIST_FILE = iOSTutorial/Info.plist;
				LD_RUNPATH_SEARCH_PATHS = "$(inherited) @executable_path/Frameworks";
				PRODUCT_NAME = "$(TARGET_NAME)";
			};
			name = Debug;
		};
		58EF864C1A2A064A00743A99 /* Release */ = {
			isa = XCBuildConfiguration;
			buildSettings = {
				ASSETCATALOG_COMPILER_APPICON_NAME = AppIcon;
				INFOPLIST_FILE = iOSTutorial/Info.plist;
				LD_RUNPATH_SEARCH_PATHS = "$(inherited) @executable_path/Frameworks";
				PRODUCT_NAME = "$(TARGET_NAME)";
			};
			name = Release;
		};
		58EF864E1A2A064A00743A99 /* Debug */ = {
			isa = XCBuildConfiguration;
			buildSettings = {
				BUNDLE_LOADER = "$(TEST_HOST)";
				FRAMEWORK_SEARCH_PATHS = (
					"$(SDKROOT)/Developer/Library/Frameworks",
					"$(inherited)",
				);
				GCC_PREPROCESSOR_DEFINITIONS = (
					"DEBUG=1",
					"$(inherited)",
				);
				INFOPLIST_FILE = iOSTutorialTests/Info.plist;
				LD_RUNPATH_SEARCH_PATHS = "$(inherited) @executable_path/Frameworks @loader_path/Frameworks";
				PRODUCT_NAME = "$(TARGET_NAME)";
				TEST_HOST = "$(BUILT_PRODUCTS_DIR)/iOSTutorial.app/iOSTutorial";
			};
			name = Debug;
		};
		58EF864F1A2A064A00743A99 /* Release */ = {
			isa = XCBuildConfiguration;
			buildSettings = {
				BUNDLE_LOADER = "$(TEST_HOST)";
				FRAMEWORK_SEARCH_PATHS = (
					"$(SDKROOT)/Developer/Library/Frameworks",
					"$(inherited)",
				);
				INFOPLIST_FILE = iOSTutorialTests/Info.plist;
				LD_RUNPATH_SEARCH_PATHS = "$(inherited) @executable_path/Frameworks @loader_path/Frameworks";
				PRODUCT_NAME = "$(TARGET_NAME)";
				TEST_HOST = "$(BUILT_PRODUCTS_DIR)/iOSTutorial.app/iOSTutorial";
			};
			name = Release;
		};
/* End XCBuildConfiguration section */

/* Begin XCConfigurationList section */
		58EF86221A2A064A00743A99 /* Build configuration list for PBXProject "iOSTutorial" */ = {
			isa = XCConfigurationList;
			buildConfigurations = (
				58EF86481A2A064A00743A99 /* Debug */,
				58EF86491A2A064A00743A99 /* Release */,
			);
			defaultConfigurationIsVisible = 0;
			defaultConfigurationName = Release;
		};
		58EF864A1A2A064A00743A99 /* Build configuration list for PBXNativeTarget "iOSTutorial" */ = {
			isa = XCConfigurationList;
			buildConfigurations = (
				58EF864B1A2A064A00743A99 /* Debug */,
				58EF864C1A2A064A00743A99 /* Release */,
			);
			defaultConfigurationIsVisible = 0;
		};
		58EF864D1A2A064A00743A99 /* Build configuration list for PBXNativeTarget "iOSTutorialTests" */ = {
			isa = XCConfigurationList;
			buildConfigurations = (
				58EF864E1A2A064A00743A99 /* Debug */,
				58EF864F1A2A064A00743A99 /* Release */,
			);
			defaultConfigurationIsVisible = 0;
		};
/* End XCConfigurationList section */
	};
	rootObject = 58EF861F1A2A064A00743A99 /* Project object */;
}
